
Microsoft Visual Studio Solution File, Format Version 12.00
# Visual Studio 15
VisualStudioVersion = 15.0.26228.9
MinimumVisualStudioVersion = 10.0.40219.1
Project("{FAE04EC0-301F-11D3-BF4B-00C04F79EFBC}") = "BasicUsageExample", "Examples\BasicUsageExample\BasicUsageExample.csproj", "{D63A8852-2028-4E0E-8FF1-F95D0066843F}"
EndProject
Project("{2150E333-8FDC-42A3-9474-1A3956D46DE8}") = "Examples", "Examples", "{54B8B2C6-9CB6-430A-AF71-6C8EAB6461A1}"
EndProject
Project("{FAE04EC0-301F-11D3-BF4B-00C04F79EFBC}") = "ConfigurationExample", "Examples\ConfigurationExample\ConfigurationExample.csproj", "{F50D1BE4-2FF7-4E83-A149-104646FD6AC9}"
EndProject
Project("{FAE04EC0-301F-11D3-BF4B-00C04F79EFBC}") = "ToastNotifications", "ToastNotifications\ToastNotifications.csproj", "{4A8879FC-9A6E-4904-910B-5C13FA5ED5BE}"
EndProject
Project("{FAE04EC0-301F-11D3-BF4B-00C04F79EFBC}") = "ToastNotifications.Messages", "ToastNotifications.Messages\ToastNotifications.Messages.csproj", "{4DE2F314-B19F-423E-92D8-7D3A7D9ACEA2}"
EndProject
Project("{FAE04EC0-301F-11D3-BF4B-00C04F79EFBC}") = "CustomNotificationsExample", "Examples\CustomNotificationsExample\CustomNotificationsExample.csproj", "{C406B971-ED9A-4633-9626-32FEDCCF9262}"
EndProject
Global
	GlobalSection(SolutionConfigurationPlatforms) = preSolution
		Debug|Any CPU = Debug|Any CPU
		Release|Any CPU = Release|Any CPU
	EndGlobalSection
	GlobalSection(ProjectConfigurationPlatforms) = postSolution
		{D63A8852-2028-4E0E-8FF1-F95D0066843F}.Debug|Any CPU.ActiveCfg = Debug|Any CPU
		{D63A8852-2028-4E0E-8FF1-F95D0066843F}.Debug|Any CPU.Build.0 = Debug|Any CPU
		{D63A8852-2028-4E0E-8FF1-F95D0066843F}.Release|Any CPU.ActiveCfg = Release|Any CPU
		{D63A8852-2028-4E0E-8FF1-F95D0066843F}.Release|Any CPU.Build.0 = Release|Any CPU
		{F50D1BE4-2FF7-4E83-A149-104646FD6AC9}.Debug|Any CPU.ActiveCfg = Debug|Any CPU
		{F50D1BE4-2FF7-4E83-A149-104646FD6AC9}.Debug|Any CPU.Build.0 = Debug|Any CPU
		{F50D1BE4-2FF7-4E83-A149-104646FD6AC9}.Release|Any CPU.ActiveCfg = Release|Any CPU
		{F50D1BE4-2FF7-4E83-A149-104646FD6AC9}.Release|Any CPU.Build.0 = Release|Any CPU
		{4A8879FC-9A6E-4904-910B-5C13FA5ED5BE}.Debug|Any CPU.ActiveCfg = Debug|Any CPU
		{4A8879FC-9A6E-4904-910B-5C13FA5ED5BE}.Debug|Any CPU.Build.0 = Debug|Any CPU
		{4A8879FC-9A6E-4904-910B-5C13FA5ED5BE}.Release|Any CPU.ActiveCfg = Release|Any CPU
		{4A8879FC-9A6E-4904-910B-5C13FA5ED5BE}.Release|Any CPU.Build.0 = Release|Any CPU
		{4DE2F314-B19F-423E-92D8-7D3A7D9ACEA2}.Debug|Any CPU.ActiveCfg = Debug|Any CPU
		{4DE2F314-B19F-423E-92D8-7D3A7D9ACEA2}.Debug|Any CPU.Build.0 = Debug|Any CPU
		{4DE2F314-B19F-423E-92D8-7D3A7D9ACEA2}.Release|Any CPU.ActiveCfg = Release|Any CPU
		{4DE2F314-B19F-423E-92D8-7D3A7D9ACEA2}.Release|Any CPU.Build.0 = Release|Any CPU
		{C406B971-ED9A-4633-9626-32FEDCCF9262}.Debug|Any CPU.ActiveCfg = Debug|Any CPU
		{C406B971-ED9A-4633-9626-32FEDCCF9262}.Debug|Any CPU.Build.0 = Debug|Any CPU
		{C406B971-ED9A-4633-9626-32FEDCCF9262}.Release|Any CPU.ActiveCfg = Release|Any CPU
		{C406B971-ED9A-4633-9626-32FEDCCF9262}.Release|Any CPU.Build.0 = Release|Any CPU
	EndGlobalSection
	GlobalSection(SolutionProperties) = preSolution
		HideSolutionNode = FALSE
	EndGlobalSection
	GlobalSection(NestedProjects) = preSolution
		{D63A8852-2028-4E0E-8FF1-F95D0066843F} = {54B8B2C6-9CB6-430A-AF71-6C8EAB6461A1}
		{F50D1BE4-2FF7-4E83-A149-104646FD6AC9} = {54B8B2C6-9CB6-430A-AF71-6C8EAB6461A1}
		{C406B971-ED9A-4633-9626-32FEDCCF9262} = {54B8B2C6-9CB6-430A-AF71-6C8EAB6461A1}
	EndGlobalSection
EndGlobal
